
Microsoft Visual Studio Solution File, Format Version 12.00
# Visual Studio Version 17
VisualStudioVersion = 17.0.31903.59
MinimumVisualStudioVersion = 10.0.40219.1
Project("{2150E333-8FDC-42A3-9474-1A3956D46DE8}") = "tests", "tests", "{EBB6A588-161C-4AC5-8D3F-4198AE5D2EC4}"
EndProject
Project("{FAE04EC0-301F-11D3-BF4B-00C04F79EFBC}") = "Risk.Tests", "tests\Risk.Tests\Risk.Tests.csproj", "{6A3027F7-ED3A-42CD-8741-38CC37847DC5}"
EndProject
Project("{2150E333-8FDC-42A3-9474-1A3956D46DE8}") = "src", "src", "{95036956-93B8-4DAA-A05C-0816E3355328}"
EndProject
Project("{FAE04EC0-301F-11D3-BF4B-00C04F79EFBC}") = "Risk", "src\Risk\Risk.csproj", "{D05D6F8D-4B7A-40BD-8659-91467F5F5A04}"
EndProject
Global
	GlobalSection(SolutionConfigurationPlatforms) = preSolution
		Debug|Any CPU = Debug|Any CPU
		Release|Any CPU = Release|Any CPU
	EndGlobalSection
	GlobalSection(SolutionProperties) = preSolution
		HideSolutionNode = FALSE
	EndGlobalSection
	GlobalSection(ProjectConfigurationPlatforms) = postSolution
		{6A3027F7-ED3A-42CD-8741-38CC37847DC5}.Debug|Any CPU.ActiveCfg = Debug|Any CPU
		{6A3027F7-ED3A-42CD-8741-38CC37847DC5}.Debug|Any CPU.Build.0 = Debug|Any CPU
		{6A3027F7-ED3A-42CD-8741-38CC37847DC5}.Release|Any CPU.ActiveCfg = Release|Any CPU
		{6A3027F7-ED3A-42CD-8741-38CC37847DC5}.Release|Any CPU.Build.0 = Release|Any CPU
		{D05D6F8D-4B7A-40BD-8659-91467F5F5A04}.Debug|Any CPU.ActiveCfg = Debug|Any CPU
		{D05D6F8D-4B7A-40BD-8659-91467F5F5A04}.Debug|Any CPU.Build.0 = Debug|Any CPU
		{D05D6F8D-4B7A-40BD-8659-91467F5F5A04}.Release|Any CPU.ActiveCfg = Release|Any CPU
		{D05D6F8D-4B7A-40BD-8659-91467F5F5A04}.Release|Any CPU.Build.0 = Release|Any CPU
	EndGlobalSection
	GlobalSection(NestedProjects) = preSolution
		{6A3027F7-ED3A-42CD-8741-38CC37847DC5} = {EBB6A588-161C-4AC5-8D3F-4198AE5D2EC4}
		{D05D6F8D-4B7A-40BD-8659-91467F5F5A04} = {95036956-93B8-4DAA-A05C-0816E3355328}
	EndGlobalSection
EndGlobal
